{
    "_meta": {
        "hash": {
            "sha256": "2734ee689bbb3fb070d81469ed94e022a3d821b401a53e4e475c3d61756cf016"
        },
        "pipfile-spec": 6,
        "requires": {
            "python_version": "2.7"
        },
        "sources": [
            {
                "name": "pypi",
                "url": "https://pypi.org/simple",
                "verify_ssl": true
            }
        ]
    },
    "default": {
        "blessings": {
            "hashes": [
                "sha256:98e5854d805f50a5b58ac2333411b0482516a8210f23f43308baeb58d77c157d",
                "sha256:b1fdd7e7a675295630f9ae71527a8ebc10bfefa236b3d6aa4932ee4462c17ba3",
                "sha256:caad5211e7ba5afe04367cdd4cfc68fa886e2e08f6f35e76b7387d2109ccea6e"
            ],
            "index": "pypi",
            "version": "==1.7"
        },
        "hurry": {
            "hashes": [
                "sha256:73fee7972e843e9558c8629ea9d6b8c90ac5aa7a4d3207e98f19b70fb243a879",
                "sha256:9a7d0c4c8086532263a47307d9fbf3e8c0417a08217cd71af3f7faa8503ae8e1"
            ],
            "index": "pypi",
            "version": "==1.1"
        },
        "six": {
            "hashes": [
                "sha256:1f1b7d42e254082a9db6279deae68afb421ceba6158efa6131de7b3003ee93fd",
                "sha256:30f610279e8b2578cab6db20741130331735c781b56053c59c4076da27f06b66"
            ],
            "version": "==1.13.0"
        }
    },
    "develop": {}
}
